# This file was autogenerated by Juvix version 0.6.10.
# Do not edit this file manually.

version: 2
checksum: 29053e91d99208646feacf146c3e063d7ab9795ad4da766f0ed66cbbb1ea821e
dependencies:
- git:
    name: anoma_juvix-stdlib
    ref: 24e656d9af73891d012c05e1c21d1f1beb80913b
    url: https://github.com/anoma/juvix-stdlib
  dependencies: []
