# This file was autogenerated by Juvix version 0.6.9.
# Do not edit this file manually.

version: 2
checksum: f17a0f60ee46e07ff07f42e0d4ffc27967cbcadfad4c4dc782338278a4b98043
dependencies:
  - git:
      name: anoma_juvix-stdlib
      ref: 01ff19f1135048be3402e094f2fc89406a44a995
      url: https://github.com/anoma/juvix-stdlib
    dependencies: []
