# This file was autogenerated by Juvix version 0.6.10.
# Do not edit this file manually.

version: 2
checksum: 3e4d03ab3cf6b4457c8578a2b8012f4d0f7d47cc1fec27038a628b80f2c08c6f
dependencies:
- git:
    name: anoma_juvix-stdlib
    ref: 24e656d9af73891d012c05e1c21d1f1beb80913b
    url: https://github.com/anoma/juvix-stdlib
  dependencies: []
